{
  "name": "docpad-plugin-concatenation",
  "version": "0.1.0",
  "dependencies": {
    "requirejs": {
      "version": "2.1.8",
      "from": "requirejs@2.1.8"
    },
    "cson": {
      "version": "1.4.4",
      "from": "cson@*",
      "dependencies": {
        "coffee-script": {
          "version": "1.6.3",
          "from": "coffee-script@~1.6.3"
        },
        "js2coffee": {
          "version": "0.1.4",
          "from": "js2coffee@~0.1.4",
          "dependencies": {
            "underscore": {
              "version": "1.4.4",
              "from": "underscore@~1.4.4"
            },
            "file": {
              "version": "0.2.1",
              "from": "file@~0.2.1"
            }
          }
        },
        "extract-opts": {
          "version": "2.2.0",
          "from": "extract-opts@~2.2.0",
          "dependencies": {
            "typechecker": {
              "version": "2.0.1",
              "from": "typechecker@~2.0.1"
            }
          }
        },
        "requirefresh": {
          "version": "1.1.2",
          "from": "requirefresh@~1.1.2"
        }
      }
    }
  }
}
